
Microsoft Visual Studio Solution File, Format Version 12.00
# Visual Studio Version 17
VisualStudioVersion = 17.9.34902.65
MinimumVisualStudioVersion = 10.0.40219.1
Project("{FAE04EC0-301F-11D3-BF4B-00C04F79EFBC}") = "FrontJunior.API", "FrontJunior.API\FrontJunior.API.csproj", "{BD86027B-E64A-442A-82A0-D2E32E627AAB}"
EndProject
Global
	GlobalSection(SolutionConfigurationPlatforms) = preSolution
		Debug|Any CPU = Debug|Any CPU
		Release|Any CPU = Release|Any CPU
	EndGlobalSection
	GlobalSection(ProjectConfigurationPlatforms) = postSolution
		{BD86027B-E64A-442A-82A0-D2E32E627AAB}.Debug|Any CPU.ActiveCfg = Debug|Any CPU
		{BD86027B-E64A-442A-82A0-D2E32E627AAB}.Debug|Any CPU.Build.0 = Debug|Any CPU
		{BD86027B-E64A-442A-82A0-D2E32E627AAB}.Release|Any CPU.ActiveCfg = Release|Any CPU
		{BD86027B-E64A-442A-82A0-D2E32E627AAB}.Release|Any CPU.Build.0 = Release|Any CPU
	EndGlobalSection
	GlobalSection(SolutionProperties) = preSolution
		HideSolutionNode = FALSE
	EndGlobalSection
	GlobalSection(ExtensibilityGlobals) = postSolution
		SolutionGuid = {01A53F5F-C65D-4CE0-9448-9CE1826DDF08}
	EndGlobalSection
EndGlobal
